
Microsoft Visual Studio Solution File, Format Version 12.00
# Visual Studio Version 16
VisualStudioVersion = 16.0.30717.126
MinimumVisualStudioVersion = 10.0.40219.1
Project("{FAE04EC0-301F-11D3-BF4B-00C04F79EFBC}") = "IntergralCalculatorAlchemi", "IntergralCalculatorAlchemi\IntergralCalculatorAlchemi.csproj", "{5ECC619C-730A-44A2-AB5D-41A45D13811C}"
EndProject
Global
	GlobalSection(SolutionConfigurationPlatforms) = preSolution
		Debug|Any CPU = Debug|Any CPU
		Release|Any CPU = Release|Any CPU
	EndGlobalSection
	GlobalSection(ProjectConfigurationPlatforms) = postSolution
		{5ECC619C-730A-44A2-AB5D-41A45D13811C}.Debug|Any CPU.ActiveCfg = Debug|Any CPU
		{5ECC619C-730A-44A2-AB5D-41A45D13811C}.Debug|Any CPU.Build.0 = Debug|Any CPU
		{5ECC619C-730A-44A2-AB5D-41A45D13811C}.Release|Any CPU.ActiveCfg = Release|Any CPU
		{5ECC619C-730A-44A2-AB5D-41A45D13811C}.Release|Any CPU.Build.0 = Release|Any CPU
	EndGlobalSection
	GlobalSection(SolutionProperties) = preSolution
		HideSolutionNode = FALSE
	EndGlobalSection
	GlobalSection(ExtensibilityGlobals) = postSolution
		SolutionGuid = {FDA8EF73-EE91-408C-974F-EBA0A1047797}
	EndGlobalSection
EndGlobal
